// !$*UTF8*$!
{
	archiveVersion = 1;
	classes = {
	};
	objectVersion = 50;
	objects = {

/* Begin PBXBuildFile section */
		083506A3207F32C300076E95 /* AppDelegate.swift in Sources */ = {isa = PBXBuildFile; fileRef = 083506A2207F32C300076E95 /* AppDelegate.swift */; };
		083506A5207F32C300076E95 /* ViewController.swift in Sources */ = {isa = PBXBuildFile; fileRef = 083506A4207F32C300076E95 /* ViewController.swift */; };
		083506A8207F32C300076E95 /* Main.storyboard in Resources */ = {isa = PBXBuildFile; fileRef = 083506A6207F32C300076E95 /* Main.storyboard */; };
		083506AA207F32C500076E95 /* Assets.xcassets in Resources */ = {isa = PBXBuildFile; fileRef = 083506A9207F32C500076E95 /* Assets.xcassets */; };
		083506AD207F32C500076E95 /* LaunchScreen.storyboard in Resources */ = {isa = PBXBuildFile; fileRef = 083506AB207F32C500076E95 /* LaunchScreen.storyboard */; };
		083506B8207F32C500076E95 /* EmojiCollectionViewTests.swift in Sources */ = {isa = PBXBuildFile; fileRef = 083506B7207F32C500076E95 /* EmojiCollectionViewTests.swift */; };
		083506C3207F32C500076E95 /* EmojiCollectionViewUITests.swift in Sources */ = {isa = PBXBuildFile; fileRef = 083506C2207F32C500076E95 /* EmojiCollectionViewUITests.swift */; };
		083506D1207F33D700076E95 /* CollectionViewCell.swift in Sources */ = {isa = PBXBuildFile; fileRef = 083506D0207F33D700076E95 /* CollectionViewCell.swift */; };
/* End PBXBuildFile section */

/* Begin PBXContainerItemProxy section */
		083506B4207F32C500076E95 /* PBXContainerItemProxy */ = {
			isa = PBXContainerItemProxy;
			containerPortal = 08350697207F32C300076E95 /* Project object */;
			proxyType = 1;
			remoteGlobalIDString = 0835069E207F32C300076E95;
			remoteInfo = EmojiCollectionView;
		};
		083506BF207F32C500076E95 /* PBXContainerItemProxy */ = {
			isa = PBXContainerItemProxy;
			containerPortal = 08350697207F32C300076E95 /* Project object */;
			proxyType = 1;
			remoteGlobalIDString = 0835069E207F32C300076E95;
			remoteInfo = EmojiCollectionView;
		};
/* End PBXContainerItemProxy section */

/* Begin PBXFileReference section */
		0835069F207F32C300076E95 /* EmojiCollectionView.app */ = {isa = PBXFileReference; explicitFileType = wrapper.application; includeInIndex = 0; path = EmojiCollectionView.app; sourceTree = BUILT_PRODUCTS_DIR; };
		083506A2207F32C300076E95 /* AppDelegate.swift */ = {isa = PBXFileReference; lastKnownFileType = sourcecode.swift; path = AppDelegate.swift; sourceTree = "<group>"; };
		083506A4207F32C300076E95 /* ViewController.swift */ = {isa = PBXFileReference; lastKnownFileType = sourcecode.swift; path = ViewController.swift; sourceTree = "<group>"; };
		083506A7207F32C300076E95 /* Base */ = {isa = PBXFileReference; lastKnownFileType = file.storyboard; name = Base; path = Base.lproj/Main.storyboard; sourceTree = "<group>"; };
		083506A9207F32C500076E95 /* Assets.xcassets */ = {isa = PBXFileReference; lastKnownFileType = folder.assetcatalog; path = Assets.xcassets; sourceTree = "<group>"; };
		083506AC207F32C500076E95 /* Base */ = {isa = PBXFileReference; lastKnownFileType = file.storyboard; name = Base; path = Base.lproj/LaunchScreen.storyboard; sourceTree = "<group>"; };
		083506AE207F32C500076E95 /* Info.plist */ = {isa = PBXFileReference; lastKnownFileType = text.plist.xml; path = Info.plist; sourceTree = "<group>"; };
		083506B3207F32C500076E95 /* EmojiCollectionViewTests.xctest */ = {isa = PBXFileReference; explicitFileType = wrapper.cfbundle; includeInIndex = 0; path = EmojiCollectionViewTests.xctest; sourceTree = BUILT_PRODUCTS_DIR; };
		083506B7207F32C500076E95 /* EmojiCollectionViewTests.swift */ = {isa = PBXFileReference; lastKnownFileType = sourcecode.swift; path = EmojiCollectionViewTests.swift; sourceTree = "<group>"; };
		083506B9207F32C500076E95 /* Info.plist */ = {isa = PBXFileReference; lastKnownFileType = text.plist.xml; path = Info.plist; sourceTree = "<group>"; };
		083506BE207F32C500076E95 /* EmojiCollectionViewUITests.xctest */ = {isa = PBXFileReference; explicitFileType = wrapper.cfbundle; includeInIndex = 0; path = EmojiCollectionViewUITests.xctest; sourceTree = BUILT_PRODUCTS_DIR; };
		083506C2207F32C500076E95 /* EmojiCollectionViewUITests.swift */ = {isa = PBXFileReference; lastKnownFileType = sourcecode.swift; path = EmojiCollectionViewUITests.swift; sourceTree = "<group>"; };
		083506C4207F32C500076E95 /* Info.plist */ = {isa = PBXFileReference; lastKnownFileType = text.plist.xml; path = Info.plist; sourceTree = "<group>"; };
		083506D0207F33D700076E95 /* CollectionViewCell.swift */ = {isa = PBXFileReference; lastKnownFileType = sourcecode.swift; path = CollectionViewCell.swift; sourceTree = "<group>"; };
/* End PBXFileReference section */

/* Begin PBXFrameworksBuildPhase section */
		0835069C207F32C300076E95 /* Frameworks */ = {
			isa = PBXFrameworksBuildPhase;
			buildActionMask = 2147483647;
			files = (
			);
			runOnlyForDeploymentPostprocessing = 0;
		};
		083506B0207F32C500076E95 /* Frameworks */ = {
			isa = PBXFrameworksBuildPhase;
			buildActionMask = 2147483647;
			files = (
			);
			runOnlyForDeploymentPostprocessing = 0;
		};
		083506BB207F32C500076E95 /* Frameworks */ = {
			isa = PBXFrameworksBuildPhase;
			buildActionMask = 2147483647;
			files = (
			);
			runOnlyForDeploymentPostprocessing = 0;
		};
/* End PBXFrameworksBuildPhase section */

/* Begin PBXGroup section */
		08350696207F32C300076E95 = {
			isa = PBXGroup;
			children = (
				083506A1207F32C300076E95 /* EmojiCollectionView */,
				083506B6207F32C500076E95 /* EmojiCollectionViewTests */,
				083506C1207F32C500076E95 /* EmojiCollectionViewUITests */,
				083506A0207F32C300076E95 /* Products */,
			);
			sourceTree = "<group>";
		};
		083506A0207F32C300076E95 /* Products */ = {
			isa = PBXGroup;
			children = (
				0835069F207F32C300076E95 /* EmojiCollectionView.app */,
				083506B3207F32C500076E95 /* EmojiCollectionViewTests.xctest */,
				083506BE207F32C500076E95 /* EmojiCollectionViewUITests.xctest */,
			);
			name = Products;
			sourceTree = "<group>";
		};
		083506A1207F32C300076E95 /* EmojiCollectionView */ = {
			isa = PBXGroup;
			children = (
				083506A2207F32C300076E95 /* AppDelegate.swift */,
				083506A4207F32C300076E95 /* ViewController.swift */,
				083506D0207F33D700076E95 /* CollectionViewCell.swift */,
				083506A6207F32C300076E95 /* Main.storyboard */,
				083506A9207F32C500076E95 /* Assets.xcassets */,
				083506AB207F32C500076E95 /* LaunchScreen.storyboard */,
				083506AE207F32C500076E95 /* Info.plist */,
			);
			path = EmojiCollectionView;
			sourceTree = "<group>";
		};
		083506B6207F32C500076E95 /* EmojiCollectionViewTests */ = {
			isa = PBXGroup;
			children = (
				083506B7207F32C500076E95 /* EmojiCollectionViewTests.swift */,
				083506B9207F32C500076E95 /* Info.plist */,
			);
			path = EmojiCollectionViewTests;
			sourceTree = "<group>";
		};
		083506C1207F32C500076E95 /* EmojiCollectionViewUITests */ = {
			isa = PBXGroup;
			children = (
				083506C2207F32C500076E95 /* EmojiCollectionViewUITests.swift */,
				083506C4207F32C500076E95 /* Info.plist */,
			);
			path = EmojiCollectionViewUITests;
			sourceTree = "<group>";
		};
/* End PBXGroup section */

/* Begin PBXNativeTarget section */
		0835069E207F32C300076E95 /* EmojiCollectionView */ = {
			isa = PBXNativeTarget;
			buildConfigurationList = 083506C7207F32C600076E95 /* Build configuration list for PBXNativeTarget "EmojiCollectionView" */;
			buildPhases = (
				0835069B207F32C300076E95 /* Sources */,
				0835069C207F32C300076E95 /* Frameworks */,
				0835069D207F32C300076E95 /* Resources */,
			);
			buildRules = (
			);
			dependencies = (
			);
			name = EmojiCollectionView;
			productName = EmojiCollectionView;
			productReference = 0835069F207F32C300076E95 /* EmojiCollectionView.app */;
			productType = "com.apple.product-type.application";
		};
		083506B2207F32C500076E95 /* EmojiCollectionViewTests */ = {
			isa = PBXNativeTarget;
			buildConfigurationList = 083506CA207F32C600076E95 /* Build configuration list for PBXNativeTarget "EmojiCollectionViewTests" */;
			buildPhases = (
				083506AF207F32C500076E95 /* Sources */,
				083506B0207F32C500076E95 /* Frameworks */,
				083506B1207F32C500076E95 /* Resources */,
			);
			buildRules = (
			);
			dependencies = (
				083506B5207F32C500076E95 /* PBXTargetDependency */,
			);
			name = EmojiCollectionViewTests;
			productName = EmojiCollectionViewTests;
			productReference = 083506B3207F32C500076E95 /* EmojiCollectionViewTests.xctest */;
			productType = "com.apple.product-type.bundle.unit-test";
		};
		083506BD207F32C500076E95 /* EmojiCollectionViewUITests */ = {
			isa = PBXNativeTarget;
			buildConfigurationList = 083506CD207F32C600076E95 /* Build configuration list for PBXNativeTarget "EmojiCollectionViewUITests" */;
			buildPhases = (
				083506BA207F32C500076E95 /* Sources */,
				083506BB207F32C500076E95 /* Frameworks */,
				083506BC207F32C500076E95 /* Resources */,
			);
			buildRules = (
			);
			dependencies = (
				083506C0207F32C500076E95 /* PBXTargetDependency */,
			);
			name = EmojiCollectionViewUITests;
			productName = EmojiCollectionViewUITests;
			productReference = 083506BE207F32C500076E95 /* EmojiCollectionViewUITests.xctest */;
			productType = "com.apple.product-type.bundle.ui-testing";
		};
/* End PBXNativeTarget section */

/* Begin PBXProject section */
		08350697207F32C300076E95 /* Project object */ = {
			isa = PBXProject;
			attributes = {
				LastSwiftUpdateCheck = 0930;
				LastUpgradeCheck = 0930;
				ORGANIZATIONNAME = "Sundir Talari";
				TargetAttributes = {
					0835069E207F32C300076E95 = {
						CreatedOnToolsVersion = 9.3;
					};
					083506B2207F32C500076E95 = {
						CreatedOnToolsVersion = 9.3;
						TestTargetID = 0835069E207F32C300076E95;
					};
					083506BD207F32C500076E95 = {
						CreatedOnToolsVersion = 9.3;
						TestTargetID = 0835069E207F32C300076E95;
					};
				};
			};
			buildConfigurationList = 0835069A207F32C300076E95 /* Build configuration list for PBXProject "EmojiCollectionView" */;
			compatibilityVersion = "Xcode 9.3";
			developmentRegion = en;
			hasScannedForEncodings = 0;
			knownRegions = (
				en,
				Base,
			);
			mainGroup = 08350696207F32C300076E95;
			productRefGroup = 083506A0207F32C300076E95 /* Products */;
			projectDirPath = "";
			projectRoot = "";
			targets = (
				0835069E207F32C300076E95 /* EmojiCollectionView */,
				083506B2207F32C500076E95 /* EmojiCollectionViewTests */,
				083506BD207F32C500076E95 /* EmojiCollectionViewUITests */,
			);
		};
/* End PBXProject section */

/* Begin PBXResourcesBuildPhase section */
		0835069D207F32C300076E95 /* Resources */ = {
			isa = PBXResourcesBuildPhase;
			buildActionMask = 2147483647;
			files = (
				083506AD207F32C500076E95 /* LaunchScreen.storyboard in Resources */,
				083506AA207F32C500076E95 /* Assets.xcassets in Resources */,
				083506A8207F32C300076E95 /* Main.storyboard in Resources */,
			);
			runOnlyForDeploymentPostprocessing = 0;
		};
		083506B1207F32C500076E95 /* Resources */ = {
			isa = PBXResourcesBuildPhase;
			buildActionMask = 2147483647;
			files = (
			);
			runOnlyForDeploymentPostprocessing = 0;
		};
		083506BC207F32C500076E95 /* Resources */ = {
			isa = PBXResourcesBuildPhase;
			buildActionMask = 2147483647;
			files = (
			);
			runOnlyForDeploymentPostprocessing = 0;
		};
/* End PBXResourcesBuildPhase section */

/* Begin PBXSourcesBuildPhase section */
		0835069B207F32C300076E95 /* Sources */ = {
			isa = PBXSourcesBuildPhase;
			buildActionMask = 2147483647;
			files = (
				083506A5207F32C300076E95 /* ViewController.swift in Sources */,
				083506A3207F32C300076E95 /* AppDelegate.swift in Sources */,
				083506D1207F33D700076E95 /* CollectionViewCell.swift in Sources */,
			);
			runOnlyForDeploymentPostprocessing = 0;
		};
		083506AF207F32C500076E95 /* Sources */ = {
			isa = PBXSourcesBuildPhase;
			buildActionMask = 2147483647;
			files = (
				083506B8207F32C500076E95 /* EmojiCollectionViewTests.swift in Sources */,
			);
			runOnlyForDeploymentPostprocessing = 0;
		};
		083506BA207F32C500076E95 /* Sources */ = {
			isa = PBXSourcesBuildPhase;
			buildActionMask = 2147483647;
			files = (
				083506C3207F32C500076E95 /* EmojiCollectionViewUITests.swift in Sources */,
			);
			runOnlyForDeploymentPostprocessing = 0;
		};
/* End PBXSourcesBuildPhase section */

/* Begin PBXTargetDependency section */
		083506B5207F32C500076E95 /* PBXTargetDependency */ = {
			isa = PBXTargetDependency;
			target = 0835069E207F32C300076E95 /* EmojiCollectionView */;
			targetProxy = 083506B4207F32C500076E95 /* PBXContainerItemProxy */;
		};
		083506C0207F32C500076E95 /* PBXTargetDependency */ = {
			isa = PBXTargetDependency;
			target = 0835069E207F32C300076E95 /* EmojiCollectionView */;
			targetProxy = 083506BF207F32C500076E95 /* PBXContainerItemProxy */;
		};
/* End PBXTargetDependency section */

/* Begin PBXVariantGroup section */
		083506A6207F32C300076E95 /* Main.storyboard */ = {
			isa = PBXVariantGroup;
			children = (
				083506A7207F32C300076E95 /* Base */,
			);
			name = Main.storyboard;
			sourceTree = "<group>";
		};
		083506AB207F32C500076E95 /* LaunchScreen.storyboard */ = {
			isa = PBXVariantGroup;
			children = (
				083506AC207F32C500076E95 /* Base */,
			);
			name = LaunchScreen.storyboard;
			sourceTree = "<group>";
		};
/* End PBXVariantGroup section */

/* Begin XCBuildConfiguration section */
		083506C5207F32C600076E95 /* Debug */ = {
			isa = XCBuildConfiguration;
			buildSettings = {
				ALWAYS_SEARCH_USER_PATHS = NO;
				CLANG_ANALYZER_NONNULL = YES;
				CLANG_ANALYZER_NUMBER_OBJECT_CONVERSION = YES_AGGRESSIVE;
				CLANG_CXX_LANGUAGE_STANDARD = "gnu++14";
				CLANG_CXX_LIBRARY = "libc++";
				CLANG_ENABLE_MODULES = YES;
				CLANG_ENABLE_OBJC_ARC = YES;
				CLANG_ENABLE_OBJC_WEAK = YES;
				CLANG_WARN_BLOCK_CAPTURE_AUTORELEASING = YES;
				CLANG_WARN_BOOL_CONVERSION = YES;
				CLANG_WARN_COMMA = YES;
				CLANG_WARN_CONSTANT_CONVERSION = YES;
				CLANG_WARN_DEPRECATED_OBJC_IMPLEMENTATIONS = YES;
				CLANG_WARN_DIRECT_OBJC_ISA_USAGE = YES_ERROR;
				CLANG_WARN_DOCUMENTATION_COMMENTS = YES;
				CLANG_WARN_EMPTY_BODY = YES;
				CLANG_WARN_ENUM_CONVERSION = YES;
				CLANG_WARN_INFINITE_RECURSION = YES;
				CLANG_WARN_INT_CONVERSION = YES;
				CLANG_WARN_NON_LITERAL_NULL_CONVERSION = YES;
				CLANG_WARN_OBJC_IMPLICIT_RETAIN_SELF = YES;
				CLANG_WARN_OBJC_LITERAL_CONVERSION = YES;
				CLANG_WARN_OBJC_ROOT_CLASS = YES_ERROR;
				CLANG_WARN_RANGE_LOOP_ANALYSIS = YES;
				CLANG_WARN_STRICT_PROTOTYPES = YES;
				CLANG_WARN_SUSPICIOUS_MOVE = YES;
				CLANG_WARN_UNGUARDED_AVAILABILITY = YES_AGGRESSIVE;
				CLANG_WARN_UNREACHABLE_CODE = YES;
				CLANG_WARN__DUPLICATE_METHOD_MATCH = YES;
				CODE_SIGN_IDENTITY = "iPhone Developer";
				COPY_PHASE_STRIP = NO;
				DEBUG_INFORMATION_FORMAT = dwarf;
				ENABLE_STRICT_OBJC_MSGSEND = YES;
				ENABLE_TESTABILITY = YES;
				GCC_C_LANGUAGE_STANDARD = gnu11;
				GCC_DYNAMIC_NO_PIC = NO;
				GCC_NO_COMMON_BLOCKS = YES;
				GCC_OPTIMIZATION_LEVEL = 0;
				GCC_PREPROCESSOR_DEFINITIONS = (
					"DEBUG=1",
					"$(inherited)",
				);
				GCC_WARN_64_TO_32_BIT_CONVERSION = YES;
				GCC_WARN_ABOUT_RETURN_TYPE = YES_ERROR;
				GCC_WARN_UNDECLARED_SELECTOR = YES;
				GCC_WARN_UNINITIALIZED_AUTOS = YES_AGGRESSIVE;
				GCC_WARN_UNUSED_FUNCTION = YES;
				GCC_WARN_UNUSED_VARIABLE = YES;
				IPHONEOS_DEPLOYMENT_TARGET = 11.3;
				MTL_ENABLE_DEBUG_INFO = YES;
				ONLY_ACTIVE_ARCH = YES;
				SDKROOT = iphoneos;
				SWIFT_ACTIVE_COMPILATION_CONDITIONS = DEBUG;
				SWIFT_OPTIMIZATION_LEVEL = "-Onone";
			};
			name = Debug;
		};
		083506C6207F32C600076E95 /* Release */ = {
			isa = XCBuildConfiguration;
			buildSettings = {
				ALWAYS_SEARCH_USER_PATHS = NO;
				CLANG_ANALYZER_NONNULL = YES;
				CLANG_ANALYZER_NUMBER_OBJECT_CONVERSION = YES_AGGRESSIVE;
				CLANG_CXX_LANGUAGE_STANDARD = "gnu++14";
				CLANG_CXX_LIBRARY = "libc++";
				CLANG_ENABLE_MODULES = YES;
				CLANG_ENABLE_OBJC_ARC = YES;
				CLANG_ENABLE_OBJC_WEAK = YES;
				CLANG_WARN_BLOCK_CAPTURE_AUTORELEASING = YES;
				CLANG_WARN_BOOL_CONVERSION = YES;
				CLANG_WARN_COMMA = YES;
				CLANG_WARN_CONSTANT_CONVERSION = YES;
				CLANG_WARN_DEPRECATED_OBJC_IMPLEMENTATIONS = YES;
				CLANG_WARN_DIRECT_OBJC_ISA_USAGE = YES_ERROR;
				CLANG_WARN_DOCUMENTATION_COMMENTS = YES;
				CLANG_WARN_EMPTY_BODY = YES;
				CLANG_WARN_ENUM_CONVERSION = YES;
				CLANG_WARN_INFINITE_RECURSION = YES;
				CLANG_WARN_INT_CONVERSION = YES;
				CLANG_WARN_NON_LITERAL_NULL_CONVERSION = YES;
				CLANG_WARN_OBJC_IMPLICIT_RETAIN_SELF = YES;
				CLANG_WARN_OBJC_LITERAL_CONVERSION = YES;
				CLANG_WARN_OBJC_ROOT_CLASS = YES_ERROR;
				CLANG_WARN_RANGE_LOOP_ANALYSIS = YES;
				CLANG_WARN_STRICT_PROTOTYPES = YES;
				CLANG_WARN_SUSPICIOUS_MOVE = YES;
				CLANG_WARN_UNGUARDED_AVAILABILITY = YES_AGGRESSIVE;
				CLANG_WARN_UNREACHABLE_CODE = YES;
				CLANG_WARN__DUPLICATE_METHOD_MATCH = YES;
				CODE_SIGN_IDENTITY = "iPhone Developer";
				COPY_PHASE_STRIP = NO;
				DEBUG_INFORMATION_FORMAT = "dwarf-with-dsym";
				ENABLE_NS_ASSERTIONS = NO;
				ENABLE_STRICT_OBJC_MSGSEND = YES;
				GCC_C_LANGUAGE_STANDARD = gnu11;
				GCC_NO_COMMON_BLOCKS = YES;
				GCC_WARN_64_TO_32_BIT_CONVERSION = YES;
				GCC_WARN_ABOUT_RETURN_TYPE = YES_ERROR;
				GCC_WARN_UNDECLARED_SELECTOR = YES;
				GCC_WARN_UNINITIALIZED_AUTOS = YES_AGGRESSIVE;
				GCC_WARN_UNUSED_FUNCTION = YES;
				GCC_WARN_UNUSED_VARIABLE = YES;
				IPHONEOS_DEPLOYMENT_TARGET = 11.3;
				MTL_ENABLE_DEBUG_INFO = NO;
				SDKROOT = iphoneos;
				SWIFT_COMPILATION_MODE = wholemodule;
				SWIFT_OPTIMIZATION_LEVEL = "-O";
				VALIDATE_PRODUCT = YES;
			};
			name = Release;
		};
		083506C8207F32C600076E95 /* Debug */ = {
			isa = XCBuildConfiguration;
			buildSettings = {
				ASSETCATALOG_COMPILER_APPICON_NAME = AppIcon;
				CODE_SIGN_STYLE = Automatic;
				INFOPLIST_FILE = EmojiCollectionView/Info.plist;
				LD_RUNPATH_SEARCH_PATHS = (
					"$(inherited)",
					"@executable_path/Frameworks",
				);
				PRODUCT_BUNDLE_IDENTIFIER = com.peers.EmojiCollectionView;
				PRODUCT_NAME = "$(TARGET_NAME)";
				SWIFT_VERSION = 4.0;
				TARGETED_DEVICE_FAMILY = "1,2";
			};
			name = Debug;
		};
		083506C9207F32C600076E95 /* Release */ = {
			isa = XCBuildConfiguration;
			buildSettings = {
				ASSETCATALOG_COMPILER_APPICON_NAME = AppIcon;
				CODE_SIGN_STYLE = Automatic;
				INFOPLIST_FILE = EmojiCollectionView/Info.plist;
				LD_RUNPATH_SEARCH_PATHS = (
					"$(inherited)",
					"@executable_path/Frameworks",
				);
				PRODUCT_BUNDLE_IDENTIFIER = com.peers.EmojiCollectionView;
				PRODUCT_NAME = "$(TARGET_NAME)";
				SWIFT_VERSION = 4.0;
				TARGETED_DEVICE_FAMILY = "1,2";
			};
			name = Release;
		};
		083506CB207F32C600076E95 /* Debug */ = {
			isa = XCBuildConfiguration;
			buildSettings = {
				ALWAYS_EMBED_SWIFT_STANDARD_LIBRARIES = YES;
				BUNDLE_LOADER = "$(TEST_HOST)";
				CODE_SIGN_STYLE = Automatic;
				INFOPLIST_FILE = EmojiCollectionViewTests/Info.plist;
				LD_RUNPATH_SEARCH_PATHS = (
					"$(inherited)",
					"@executable_path/Frameworks",
					"@loader_path/Frameworks",
				);
				PRODUCT_BUNDLE_IDENTIFIER = com.peers.EmojiCollectionViewTests;
				PRODUCT_NAME = "$(TARGET_NAME)";
				SWIFT_VERSION = 4.0;
				TARGETED_DEVICE_FAMILY = "1,2";
				TEST_HOST = "$(BUILT_PRODUCTS_DIR)/EmojiCollectionView.app/EmojiCollectionView";
			};
			name = Debug;
		};
		083506CC207F32C600076E95 /* Release */ = {
			isa = XCBuildConfiguration;
			buildSettings = {
				ALWAYS_EMBED_SWIFT_STANDARD_LIBRARIES = YES;
				BUNDLE_LOADER = "$(TEST_HOST)";
				CODE_SIGN_STYLE = Automatic;
				INFOPLIST_FILE = EmojiCollectionViewTests/Info.plist;
				LD_RUNPATH_SEARCH_PATHS = (
					"$(inherited)",
					"@executable_path/Frameworks",
					"@loader_path/Frameworks",
				);
				PRODUCT_BUNDLE_IDENTIFIER = com.peers.EmojiCollectionViewTests;
				PRODUCT_NAME = "$(TARGET_NAME)";
				SWIFT_VERSION = 4.0;
				TARGETED_DEVICE_FAMILY = "1,2";
				TEST_HOST = "$(BUILT_PRODUCTS_DIR)/EmojiCollectionView.app/EmojiCollectionView";
			};
			name = Release;
		};
		083506CE207F32C600076E95 /* Debug */ = {
			isa = XCBuildConfiguration;
			buildSettings = {
				ALWAYS_EMBED_SWIFT_STANDARD_LIBRARIES = YES;
				CODE_SIGN_STYLE = Automatic;
				INFOPLIST_FILE = EmojiCollectionViewUITests/Info.plist;
				LD_RUNPATH_SEARCH_PATHS = (
					"$(inherited)",
					"@executable_path/Frameworks",
					"@loader_path/Frameworks",
				);
				PRODUCT_BUNDLE_IDENTIFIER = com.peers.EmojiCollectionViewUITests;
				PRODUCT_NAME = "$(TARGET_NAME)";
				SWIFT_VERSION = 4.0;
				TARGETED_DEVICE_FAMILY = "1,2";
				TEST_TARGET_NAME = EmojiCollectionView;
			};
			name = Debug;
		};
		083506CF207F32C600076E95 /* Release */ = {
			isa = XCBuildConfiguration;
			buildSettings = {
				ALWAYS_EMBED_SWIFT_STANDARD_LIBRARIES = YES;
				CODE_SIGN_STYLE = Automatic;
				INFOPLIST_FILE = EmojiCollectionViewUITests/Info.plist;
				LD_RUNPATH_SEARCH_PATHS = (
					"$(inherited)",
					"@executable_path/Frameworks",
					"@loader_path/Frameworks",
				);
				PRODUCT_BUNDLE_IDENTIFIER = com.peers.EmojiCollectionViewUITests;
				PRODUCT_NAME = "$(TARGET_NAME)";
				SWIFT_VERSION = 4.0;
				TARGETED_DEVICE_FAMILY = "1,2";
				TEST_TARGET_NAME = EmojiCollectionView;
			};
			name = Release;
		};
/* End XCBuildConfiguration section */

/* Begin XCConfigurationList section */
		0835069A207F32C300076E95 /* Build configuration list for PBXProject "EmojiCollectionView" */ = {
			isa = XCConfigurationList;
			buildConfigurations = (
				083506C5207F32C600076E95 /* Debug */,
				083506C6207F32C600076E95 /* Release */,
			);
			defaultConfigurationIsVisible = 0;
			defaultConfigurationName = Release;
		};
		083506C7207F32C600076E95 /* Build configuration list for PBXNativeTarget "EmojiCollectionView" */ = {
			isa = XCConfigurationList;
			buildConfigurations = (
				083506C8207F32C600076E95 /* Debug */,
				083506C9207F32C600076E95 /* Release */,
			);
			defaultConfigurationIsVisible = 0;
			defaultConfigurationName = Release;
		};
		083506CA207F32C600076E95 /* Build configuration list for PBXNativeTarget "EmojiCollectionViewTests" */ = {
			isa = XCConfigurationList;
			buildConfigurations = (
				083506CB207F32C600076E95 /* Debug */,
				083506CC207F32C600076E95 /* Release */,
			);
			defaultConfigurationIsVisible = 0;
			defaultConfigurationName = Release;
		};
		083506CD207F32C600076E95 /* Build configuration list for PBXNativeTarget "EmojiCollectionViewUITests" */ = {
			isa = XCConfigurationList;
			buildConfigurations = (
				083506CE207F32C600076E95 /* Debug */,
				083506CF207F32C600076E95 /* Release */,
			);
			defaultConfigurationIsVisible = 0;
			defaultConfigurationName = Release;
		};
/* End XCConfigurationList section */
	};
	rootObject = 08350697207F32C300076E95 /* Project object */;
}
